
Microsoft Visual Studio Solution File, Format Version 12.00
# Visual Studio Version 16
VisualStudioVersion = 16.0.31729.503
MinimumVisualStudioVersion = 10.0.40219.1
Project("{FAE04EC0-301F-11D3-BF4B-00C04F79EFBC}") = "ConsoleApp1", "ConsoleApp1\ConsoleApp1.csproj", "{2F6ED3C3-2FAB-4213-90C8-C282D1302715}"
EndProject
Global
	GlobalSection(SolutionConfigurationPlatforms) = preSolution
		Debug|Any CPU = Debug|Any CPU
		Release|Any CPU = Release|Any CPU
	EndGlobalSection
	GlobalSection(ProjectConfigurationPlatforms) = postSolution
		{2F6ED3C3-2FAB-4213-90C8-C282D1302715}.Debug|Any CPU.ActiveCfg = Debug|Any CPU
		{2F6ED3C3-2FAB-4213-90C8-C282D1302715}.Debug|Any CPU.Build.0 = Debug|Any CPU
		{2F6ED3C3-2FAB-4213-90C8-C282D1302715}.Release|Any CPU.ActiveCfg = Release|Any CPU
		{2F6ED3C3-2FAB-4213-90C8-C282D1302715}.Release|Any CPU.Build.0 = Release|Any CPU
	EndGlobalSection
	GlobalSection(SolutionProperties) = preSolution
		HideSolutionNode = FALSE
	EndGlobalSection
	GlobalSection(ExtensibilityGlobals) = postSolution
		SolutionGuid = {F0593498-A72F-4FD0-842D-4A1D32E2B397}
	EndGlobalSection
EndGlobal
